
Microsoft Visual Studio Solution File, Format Version 12.00
# Visual Studio 2015
Project("{FAE04EC0-301F-11D3-BF4B-00C04F79EFBC}") = "BobaPop.CSharp", "BobaPop.CSharp.csproj", "{5D568439-AA79-E093-5DD3-CF2A2236F9EC}"
EndProject
Global
	GlobalSection(SolutionConfigurationPlatforms) = preSolution
		Debug|Any CPU = Debug|Any CPU
		Release|Any CPU = Release|Any CPU
	EndGlobalSection
	GlobalSection(ProjectConfigurationPlatforms) = postSolution
		{5D568439-AA79-E093-5DD3-CF2A2236F9EC}.Debug|Any CPU.ActiveCfg = Debug|Any CPU
		{5D568439-AA79-E093-5DD3-CF2A2236F9EC}.Debug|Any CPU.Build.0 = Debug|Any CPU
		{5D568439-AA79-E093-5DD3-CF2A2236F9EC}.Release|Any CPU.ActiveCfg = Release|Any CPU
		{5D568439-AA79-E093-5DD3-CF2A2236F9EC}.Release|Any CPU.Build.0 = Release|Any CPU
	EndGlobalSection
	GlobalSection(SolutionProperties) = preSolution
		HideSolutionNode = FALSE
	EndGlobalSection
EndGlobal
